// !$*UTF8*$!
{
	archiveVersion = 1;
	classes = {
	};
	objectVersion = 48;
	objects = {

/* Begin PBXBuildFile section */
		1471EE2A1FFF18DE007C5BDE /* AppDelegate.swift in Sources */ = {isa = PBXBuildFile; fileRef = 1471EE291FFF18DE007C5BDE /* AppDelegate.swift */; };
		1471EE2C1FFF18DE007C5BDE /* ViewController.swift in Sources */ = {isa = PBXBuildFile; fileRef = 1471EE2B1FFF18DE007C5BDE /* ViewController.swift */; };
		1471EE2F1FFF18DE007C5BDE /* Main.storyboard in Resources */ = {isa = PBXBuildFile; fileRef = 1471EE2D1FFF18DE007C5BDE /* Main.storyboard */; };
		1471EE311FFF18DE007C5BDE /* Assets.xcassets in Resources */ = {isa = PBXBuildFile; fileRef = 1471EE301FFF18DE007C5BDE /* Assets.xcassets */; };
		1471EE341FFF18DE007C5BDE /* LaunchScreen.storyboard in Resources */ = {isa = PBXBuildFile; fileRef = 1471EE321FFF18DE007C5BDE /* LaunchScreen.storyboard */; };
		1471EE3D1FFF7860007C5BDE /* GeneratorQRViewController.swift in Sources */ = {isa = PBXBuildFile; fileRef = 1471EE3C1FFF7860007C5BDE /* GeneratorQRViewController.swift */; };
		1471EE3F1FFF787A007C5BDE /* DetectorQRViewController.swift in Sources */ = {isa = PBXBuildFile; fileRef = 1471EE3E1FFF787A007C5BDE /* DetectorQRViewController.swift */; };
		1471EE411FFF7887007C5BDE /* ScanQRViewController.swift in Sources */ = {isa = PBXBuildFile; fileRef = 1471EE401FFF7887007C5BDE /* ScanQRViewController.swift */; };
		1471EE431FFF78AA007C5BDE /* BYQRCodeTool.swift in Sources */ = {isa = PBXBuildFile; fileRef = 1471EE421FFF78AA007C5BDE /* BYQRCodeTool.swift */; };
		1471EE451FFF7D3D007C5BDE /* head.jpg in Resources */ = {isa = PBXBuildFile; fileRef = 1471EE441FFF7D3D007C5BDE /* head.jpg */; };
		1471EE471FFF7FE0007C5BDE /* erweima.jpg in Resources */ = {isa = PBXBuildFile; fileRef = 1471EE461FFF7FE0007C5BDE /* erweima.jpg */; };
/* End PBXBuildFile section */

/* Begin PBXFileReference section */
		1471EE261FFF18DE007C5BDE /* 二维码综合.app */ = {isa = PBXFileReference; explicitFileType = wrapper.application; includeInIndex = 0; path = "二维码综合.app"; sourceTree = BUILT_PRODUCTS_DIR; };
		1471EE291FFF18DE007C5BDE /* AppDelegate.swift */ = {isa = PBXFileReference; lastKnownFileType = sourcecode.swift; path = AppDelegate.swift; sourceTree = "<group>"; };
		1471EE2B1FFF18DE007C5BDE /* ViewController.swift */ = {isa = PBXFileReference; lastKnownFileType = sourcecode.swift; path = ViewController.swift; sourceTree = "<group>"; };
		1471EE2E1FFF18DE007C5BDE /* Base */ = {isa = PBXFileReference; lastKnownFileType = file.storyboard; name = Base; path = Base.lproj/Main.storyboard; sourceTree = "<group>"; };
		1471EE301FFF18DE007C5BDE /* Assets.xcassets */ = {isa = PBXFileReference; lastKnownFileType = folder.assetcatalog; path = Assets.xcassets; sourceTree = "<group>"; };
		1471EE331FFF18DE007C5BDE /* Base */ = {isa = PBXFileReference; lastKnownFileType = file.storyboard; name = Base; path = Base.lproj/LaunchScreen.storyboard; sourceTree = "<group>"; };
		1471EE351FFF18DE007C5BDE /* Info.plist */ = {isa = PBXFileReference; lastKnownFileType = text.plist.xml; path = Info.plist; sourceTree = "<group>"; };
		1471EE3C1FFF7860007C5BDE /* GeneratorQRViewController.swift */ = {isa = PBXFileReference; lastKnownFileType = sourcecode.swift; path = GeneratorQRViewController.swift; sourceTree = "<group>"; };
		1471EE3E1FFF787A007C5BDE /* DetectorQRViewController.swift */ = {isa = PBXFileReference; lastKnownFileType = sourcecode.swift; path = DetectorQRViewController.swift; sourceTree = "<group>"; };
		1471EE401FFF7887007C5BDE /* ScanQRViewController.swift */ = {isa = PBXFileReference; lastKnownFileType = sourcecode.swift; path = ScanQRViewController.swift; sourceTree = "<group>"; };
		1471EE421FFF78AA007C5BDE /* BYQRCodeTool.swift */ = {isa = PBXFileReference; lastKnownFileType = sourcecode.swift; path = BYQRCodeTool.swift; sourceTree = "<group>"; };
		1471EE441FFF7D3D007C5BDE /* head.jpg */ = {isa = PBXFileReference; lastKnownFileType = image.jpeg; path = head.jpg; sourceTree = "<group>"; };
		1471EE461FFF7FE0007C5BDE /* erweima.jpg */ = {isa = PBXFileReference; lastKnownFileType = image.jpeg; path = erweima.jpg; sourceTree = "<group>"; };
/* End PBXFileReference section */

/* Begin PBXFrameworksBuildPhase section */
		1471EE231FFF18DE007C5BDE /* Frameworks */ = {
			isa = PBXFrameworksBuildPhase;
			buildActionMask = 2147483647;
			files = (
			);
			runOnlyForDeploymentPostprocessing = 0;
		};
/* End PBXFrameworksBuildPhase section */

/* Begin PBXGroup section */
		1471EE1D1FFF18DE007C5BDE = {
			isa = PBXGroup;
			children = (
				1471EE281FFF18DE007C5BDE /* 二维码综合 */,
				1471EE271FFF18DE007C5BDE /* Products */,
			);
			sourceTree = "<group>";
		};
		1471EE271FFF18DE007C5BDE /* Products */ = {
			isa = PBXGroup;
			children = (
				1471EE261FFF18DE007C5BDE /* 二维码综合.app */,
			);
			name = Products;
			sourceTree = "<group>";
		};
		1471EE281FFF18DE007C5BDE /* 二维码综合 */ = {
			isa = PBXGroup;
			children = (
				1471EE3B1FFF7824007C5BDE /* Classes */,
				1471EE291FFF18DE007C5BDE /* AppDelegate.swift */,
				1471EE2B1FFF18DE007C5BDE /* ViewController.swift */,
				1471EE2D1FFF18DE007C5BDE /* Main.storyboard */,
				1471EE301FFF18DE007C5BDE /* Assets.xcassets */,
				1471EE321FFF18DE007C5BDE /* LaunchScreen.storyboard */,
				1471EE351FFF18DE007C5BDE /* Info.plist */,
			);
			path = "二维码综合";
			sourceTree = "<group>";
		};
		1471EE3B1FFF7824007C5BDE /* Classes */ = {
			isa = PBXGroup;
			children = (
				1471EE461FFF7FE0007C5BDE /* erweima.jpg */,
				1471EE441FFF7D3D007C5BDE /* head.jpg */,
				1471EE3C1FFF7860007C5BDE /* GeneratorQRViewController.swift */,
				1471EE3E1FFF787A007C5BDE /* DetectorQRViewController.swift */,
				1471EE401FFF7887007C5BDE /* ScanQRViewController.swift */,
				1471EE421FFF78AA007C5BDE /* BYQRCodeTool.swift */,
			);
			path = Classes;
			sourceTree = "<group>";
		};
/* End PBXGroup section */

/* Begin PBXNativeTarget section */
		1471EE251FFF18DE007C5BDE /* 二维码综合 */ = {
			isa = PBXNativeTarget;
			buildConfigurationList = 1471EE381FFF18DE007C5BDE /* Build configuration list for PBXNativeTarget "二维码综合" */;
			buildPhases = (
				1471EE221FFF18DE007C5BDE /* Sources */,
				1471EE231FFF18DE007C5BDE /* Frameworks */,
				1471EE241FFF18DE007C5BDE /* Resources */,
			);
			buildRules = (
			);
			dependencies = (
			);
			name = "二维码综合";
			productName = "二维码综合";
			productReference = 1471EE261FFF18DE007C5BDE /* 二维码综合.app */;
			productType = "com.apple.product-type.application";
		};
/* End PBXNativeTarget section */

/* Begin PBXProject section */
		1471EE1E1FFF18DE007C5BDE /* Project object */ = {
			isa = PBXProject;
			attributes = {
				LastSwiftUpdateCheck = 0910;
				LastUpgradeCheck = 0910;
				ORGANIZATIONNAME = com.chase;
				TargetAttributes = {
					1471EE251FFF18DE007C5BDE = {
						CreatedOnToolsVersion = 9.1;
						ProvisioningStyle = Automatic;
					};
				};
			};
			buildConfigurationList = 1471EE211FFF18DE007C5BDE /* Build configuration list for PBXProject "二维码综合" */;
			compatibilityVersion = "Xcode 8.0";
			developmentRegion = en;
			hasScannedForEncodings = 0;
			knownRegions = (
				en,
				Base,
			);
			mainGroup = 1471EE1D1FFF18DE007C5BDE;
			productRefGroup = 1471EE271FFF18DE007C5BDE /* Products */;
			projectDirPath = "";
			projectRoot = "";
			targets = (
				1471EE251FFF18DE007C5BDE /* 二维码综合 */,
			);
		};
/* End PBXProject section */

/* Begin PBXResourcesBuildPhase section */
		1471EE241FFF18DE007C5BDE /* Resources */ = {
			isa = PBXResourcesBuildPhase;
			buildActionMask = 2147483647;
			files = (
				1471EE341FFF18DE007C5BDE /* LaunchScreen.storyboard in Resources */,
				1471EE451FFF7D3D007C5BDE /* head.jpg in Resources */,
				1471EE471FFF7FE0007C5BDE /* erweima.jpg in Resources */,
				1471EE311FFF18DE007C5BDE /* Assets.xcassets in Resources */,
				1471EE2F1FFF18DE007C5BDE /* Main.storyboard in Resources */,
			);
			runOnlyForDeploymentPostprocessing = 0;
		};
/* End PBXResourcesBuildPhase section */

/* Begin PBXSourcesBuildPhase section */
		1471EE221FFF18DE007C5BDE /* Sources */ = {
			isa = PBXSourcesBuildPhase;
			buildActionMask = 2147483647;
			files = (
				1471EE431FFF78AA007C5BDE /* BYQRCodeTool.swift in Sources */,
				1471EE2C1FFF18DE007C5BDE /* ViewController.swift in Sources */,
				1471EE3F1FFF787A007C5BDE /* DetectorQRViewController.swift in Sources */,
				1471EE3D1FFF7860007C5BDE /* GeneratorQRViewController.swift in Sources */,
				1471EE2A1FFF18DE007C5BDE /* AppDelegate.swift in Sources */,
				1471EE411FFF7887007C5BDE /* ScanQRViewController.swift in Sources */,
			);
			runOnlyForDeploymentPostprocessing = 0;
		};
/* End PBXSourcesBuildPhase section */

/* Begin PBXVariantGroup section */
		1471EE2D1FFF18DE007C5BDE /* Main.storyboard */ = {
			isa = PBXVariantGroup;
			children = (
				1471EE2E1FFF18DE007C5BDE /* Base */,
			);
			name = Main.storyboard;
			sourceTree = "<group>";
		};
		1471EE321FFF18DE007C5BDE /* LaunchScreen.storyboard */ = {
			isa = PBXVariantGroup;
			children = (
				1471EE331FFF18DE007C5BDE /* Base */,
			);
			name = LaunchScreen.storyboard;
			sourceTree = "<group>";
		};
/* End PBXVariantGroup section */

/* Begin XCBuildConfiguration section */
		1471EE361FFF18DE007C5BDE /* Debug */ = {
			isa = XCBuildConfiguration;
			buildSettings = {
				ALWAYS_SEARCH_USER_PATHS = NO;
				CLANG_ANALYZER_NONNULL = YES;
				CLANG_ANALYZER_NUMBER_OBJECT_CONVERSION = YES_AGGRESSIVE;
				CLANG_CXX_LANGUAGE_STANDARD = "gnu++14";
				CLANG_CXX_LIBRARY = "libc++";
				CLANG_ENABLE_MODULES = YES;
				CLANG_ENABLE_OBJC_ARC = YES;
				CLANG_WARN_BLOCK_CAPTURE_AUTORELEASING = YES;
				CLANG_WARN_BOOL_CONVERSION = YES;
				CLANG_WARN_COMMA = YES;
				CLANG_WARN_CONSTANT_CONVERSION = YES;
				CLANG_WARN_DIRECT_OBJC_ISA_USAGE = YES_ERROR;
				CLANG_WARN_DOCUMENTATION_COMMENTS = YES;
				CLANG_WARN_EMPTY_BODY = YES;
				CLANG_WARN_ENUM_CONVERSION = YES;
				CLANG_WARN_INFINITE_RECURSION = YES;
				CLANG_WARN_INT_CONVERSION = YES;
				CLANG_WARN_NON_LITERAL_NULL_CONVERSION = YES;
				CLANG_WARN_OBJC_LITERAL_CONVERSION = YES;
				CLANG_WARN_OBJC_ROOT_CLASS = YES_ERROR;
				CLANG_WARN_RANGE_LOOP_ANALYSIS = YES;
				CLANG_WARN_STRICT_PROTOTYPES = YES;
				CLANG_WARN_SUSPICIOUS_MOVE = YES;
				CLANG_WARN_UNGUARDED_AVAILABILITY = YES_AGGRESSIVE;
				CLANG_WARN_UNREACHABLE_CODE = YES;
				CLANG_WARN__DUPLICATE_METHOD_MATCH = YES;
				CODE_SIGN_IDENTITY = "iPhone Developer";
				COPY_PHASE_STRIP = NO;
				DEBUG_INFORMATION_FORMAT = dwarf;
				ENABLE_STRICT_OBJC_MSGSEND = YES;
				ENABLE_TESTABILITY = YES;
				GCC_C_LANGUAGE_STANDARD = gnu11;
				GCC_DYNAMIC_NO_PIC = NO;
				GCC_NO_COMMON_BLOCKS = YES;
				GCC_OPTIMIZATION_LEVEL = 0;
				GCC_PREPROCESSOR_DEFINITIONS = (
					"DEBUG=1",
					"$(inherited)",
				);
				GCC_WARN_64_TO_32_BIT_CONVERSION = YES;
				GCC_WARN_ABOUT_RETURN_TYPE = YES_ERROR;
				GCC_WARN_UNDECLARED_SELECTOR = YES;
				GCC_WARN_UNINITIALIZED_AUTOS = YES_AGGRESSIVE;
				GCC_WARN_UNUSED_FUNCTION = YES;
				GCC_WARN_UNUSED_VARIABLE = YES;
				IPHONEOS_DEPLOYMENT_TARGET = 11.1;
				MTL_ENABLE_DEBUG_INFO = YES;
				ONLY_ACTIVE_ARCH = YES;
				SDKROOT = iphoneos;
				SWIFT_ACTIVE_COMPILATION_CONDITIONS = DEBUG;
				SWIFT_OPTIMIZATION_LEVEL = "-Onone";
			};
			name = Debug;
		};
		1471EE371FFF18DE007C5BDE /* Release */ = {
			isa = XCBuildConfiguration;
			buildSettings = {
				ALWAYS_SEARCH_USER_PATHS = NO;
				CLANG_ANALYZER_NONNULL = YES;
				CLANG_ANALYZER_NUMBER_OBJECT_CONVERSION = YES_AGGRESSIVE;
				CLANG_CXX_LANGUAGE_STANDARD = "gnu++14";
				CLANG_CXX_LIBRARY = "libc++";
				CLANG_ENABLE_MODULES = YES;
				CLANG_ENABLE_OBJC_ARC = YES;
				CLANG_WARN_BLOCK_CAPTURE_AUTORELEASING = YES;
				CLANG_WARN_BOOL_CONVERSION = YES;
				CLANG_WARN_COMMA = YES;
				CLANG_WARN_CONSTANT_CONVERSION = YES;
				CLANG_WARN_DIRECT_OBJC_ISA_USAGE = YES_ERROR;
				CLANG_WARN_DOCUMENTATION_COMMENTS = YES;
				CLANG_WARN_EMPTY_BODY = YES;
				CLANG_WARN_ENUM_CONVERSION = YES;
				CLANG_WARN_INFINITE_RECURSION = YES;
				CLANG_WARN_INT_CONVERSION = YES;
				CLANG_WARN_NON_LITERAL_NULL_CONVERSION = YES;
				CLANG_WARN_OBJC_LITERAL_CONVERSION = YES;
				CLANG_WARN_OBJC_ROOT_CLASS = YES_ERROR;
				CLANG_WARN_RANGE_LOOP_ANALYSIS = YES;
				CLANG_WARN_STRICT_PROTOTYPES = YES;
				CLANG_WARN_SUSPICIOUS_MOVE = YES;
				CLANG_WARN_UNGUARDED_AVAILABILITY = YES_AGGRESSIVE;
				CLANG_WARN_UNREACHABLE_CODE = YES;
				CLANG_WARN__DUPLICATE_METHOD_MATCH = YES;
				CODE_SIGN_IDENTITY = "iPhone Developer";
				COPY_PHASE_STRIP = NO;
				DEBUG_INFORMATION_FORMAT = "dwarf-with-dsym";
				ENABLE_NS_ASSERTIONS = NO;
				ENABLE_STRICT_OBJC_MSGSEND = YES;
				GCC_C_LANGUAGE_STANDARD = gnu11;
				GCC_NO_COMMON_BLOCKS = YES;
				GCC_WARN_64_TO_32_BIT_CONVERSION = YES;
				GCC_WARN_ABOUT_RETURN_TYPE = YES_ERROR;
				GCC_WARN_UNDECLARED_SELECTOR = YES;
				GCC_WARN_UNINITIALIZED_AUTOS = YES_AGGRESSIVE;
				GCC_WARN_UNUSED_FUNCTION = YES;
				GCC_WARN_UNUSED_VARIABLE = YES;
				IPHONEOS_DEPLOYMENT_TARGET = 11.1;
				MTL_ENABLE_DEBUG_INFO = NO;
				SDKROOT = iphoneos;
				SWIFT_OPTIMIZATION_LEVEL = "-Owholemodule";
				VALIDATE_PRODUCT = YES;
			};
			name = Release;
		};
		1471EE391FFF18DE007C5BDE /* Debug */ = {
			isa = XCBuildConfiguration;
			buildSettings = {
				ASSETCATALOG_COMPILER_APPICON_NAME = AppIcon;
				CODE_SIGN_STYLE = Automatic;
				DEVELOPMENT_TEAM = D35W2W2S5R;
				INFOPLIST_FILE = "二维码综合/Info.plist";
				LD_RUNPATH_SEARCH_PATHS = "$(inherited) @executable_path/Frameworks";
				PRODUCT_BUNDLE_IDENTIFIER = "com.chase.-----";
				PRODUCT_NAME = "$(TARGET_NAME)";
				SWIFT_VERSION = 3.0;
				TARGETED_DEVICE_FAMILY = "1,2";
			};
			name = Debug;
		};
		1471EE3A1FFF18DE007C5BDE /* Release */ = {
			isa = XCBuildConfiguration;
			buildSettings = {
				ASSETCATALOG_COMPILER_APPICON_NAME = AppIcon;
				CODE_SIGN_STYLE = Automatic;
				DEVELOPMENT_TEAM = D35W2W2S5R;
				INFOPLIST_FILE = "二维码综合/Info.plist";
				LD_RUNPATH_SEARCH_PATHS = "$(inherited) @executable_path/Frameworks";
				PRODUCT_BUNDLE_IDENTIFIER = "com.chase.-----";
				PRODUCT_NAME = "$(TARGET_NAME)";
				SWIFT_VERSION = 3.0;
				TARGETED_DEVICE_FAMILY = "1,2";
			};
			name = Release;
		};
/* End XCBuildConfiguration section */

/* Begin XCConfigurationList section */
		1471EE211FFF18DE007C5BDE /* Build configuration list for PBXProject "二维码综合" */ = {
			isa = XCConfigurationList;
			buildConfigurations = (
				1471EE361FFF18DE007C5BDE /* Debug */,
				1471EE371FFF18DE007C5BDE /* Release */,
			);
			defaultConfigurationIsVisible = 0;
			defaultConfigurationName = Release;
		};
		1471EE381FFF18DE007C5BDE /* Build configuration list for PBXNativeTarget "二维码综合" */ = {
			isa = XCConfigurationList;
			buildConfigurations = (
				1471EE391FFF18DE007C5BDE /* Debug */,
				1471EE3A1FFF18DE007C5BDE /* Release */,
			);
			defaultConfigurationIsVisible = 0;
			defaultConfigurationName = Release;
		};
/* End XCConfigurationList section */
	};
	rootObject = 1471EE1E1FFF18DE007C5BDE /* Project object */;
}
